
Microsoft Visual Studio Solution File, Format Version 12.00
# Visual Studio 15
Project("{FAE04EC0-301F-11D3-BF4B-00C04F79EFBC}") = "TeslaCybertruckAppSample.Android", "TeslaCybertruckAppSample.Android\TeslaCybertruckAppSample.Android.csproj", "{0794D52B-647E-4B3C-87D2-88F5ED63F2A5}"
EndProject
Project("{FAE04EC0-301F-11D3-BF4B-00C04F79EFBC}") = "TeslaCybertruckAppSample.iOS", "TeslaCybertruckAppSample.iOS\TeslaCybertruckAppSample.iOS.csproj", "{270B4795-68ED-496E-8D03-3664254E52C2}"
EndProject
Project("{FAE04EC0-301F-11D3-BF4B-00C04F79EFBC}") = "TeslaCybertruckAppSample", "TeslaCybertruckAppSample\TeslaCybertruckAppSample.csproj", "{16CD028B-85F1-43F9-9CEB-E3223342B33F}"
EndProject
Global
	GlobalSection(SolutionConfigurationPlatforms) = preSolution
		Debug|Any CPU = Debug|Any CPU
		Release|Any CPU = Release|Any CPU
		Debug|iPhoneSimulator = Debug|iPhoneSimulator
		Release|iPhoneSimulator = Release|iPhoneSimulator
		Debug|iPhone = Debug|iPhone
		Release|iPhone = Release|iPhone
	EndGlobalSection
	GlobalSection(ProjectConfigurationPlatforms) = postSolution
		{0794D52B-647E-4B3C-87D2-88F5ED63F2A5}.Debug|Any CPU.ActiveCfg = Debug|Any CPU
		{0794D52B-647E-4B3C-87D2-88F5ED63F2A5}.Debug|Any CPU.Build.0 = Debug|Any CPU
		{0794D52B-647E-4B3C-87D2-88F5ED63F2A5}.Release|Any CPU.ActiveCfg = Release|Any CPU
		{0794D52B-647E-4B3C-87D2-88F5ED63F2A5}.Release|Any CPU.Build.0 = Release|Any CPU
		{0794D52B-647E-4B3C-87D2-88F5ED63F2A5}.Debug|iPhoneSimulator.ActiveCfg = Debug|Any CPU
		{0794D52B-647E-4B3C-87D2-88F5ED63F2A5}.Debug|iPhoneSimulator.Build.0 = Debug|Any CPU
		{0794D52B-647E-4B3C-87D2-88F5ED63F2A5}.Release|iPhoneSimulator.ActiveCfg = Release|Any CPU
		{0794D52B-647E-4B3C-87D2-88F5ED63F2A5}.Release|iPhoneSimulator.Build.0 = Release|Any CPU
		{0794D52B-647E-4B3C-87D2-88F5ED63F2A5}.Debug|iPhone.ActiveCfg = Debug|Any CPU
		{0794D52B-647E-4B3C-87D2-88F5ED63F2A5}.Debug|iPhone.Build.0 = Debug|Any CPU
		{0794D52B-647E-4B3C-87D2-88F5ED63F2A5}.Release|iPhone.ActiveCfg = Release|Any CPU
		{0794D52B-647E-4B3C-87D2-88F5ED63F2A5}.Release|iPhone.Build.0 = Release|Any CPU
		{270B4795-68ED-496E-8D03-3664254E52C2}.Debug|Any CPU.ActiveCfg = Debug|iPhoneSimulator
		{270B4795-68ED-496E-8D03-3664254E52C2}.Debug|Any CPU.Build.0 = Debug|iPhoneSimulator
		{270B4795-68ED-496E-8D03-3664254E52C2}.Release|Any CPU.ActiveCfg = Release|iPhoneSimulator
		{270B4795-68ED-496E-8D03-3664254E52C2}.Release|Any CPU.Build.0 = Release|iPhoneSimulator
		{270B4795-68ED-496E-8D03-3664254E52C2}.Debug|iPhoneSimulator.ActiveCfg = Debug|iPhoneSimulator
		{270B4795-68ED-496E-8D03-3664254E52C2}.Debug|iPhoneSimulator.Build.0 = Debug|iPhoneSimulator
		{270B4795-68ED-496E-8D03-3664254E52C2}.Release|iPhoneSimulator.ActiveCfg = Release|iPhoneSimulator
		{270B4795-68ED-496E-8D03-3664254E52C2}.Release|iPhoneSimulator.Build.0 = Release|iPhoneSimulator
		{270B4795-68ED-496E-8D03-3664254E52C2}.Debug|iPhone.ActiveCfg = Debug|iPhone
		{270B4795-68ED-496E-8D03-3664254E52C2}.Debug|iPhone.Build.0 = Debug|iPhone
		{270B4795-68ED-496E-8D03-3664254E52C2}.Release|iPhone.ActiveCfg = Release|iPhone
		{270B4795-68ED-496E-8D03-3664254E52C2}.Release|iPhone.Build.0 = Release|iPhone
		{16CD028B-85F1-43F9-9CEB-E3223342B33F}.Debug|Any CPU.ActiveCfg = Debug|Any CPU
		{16CD028B-85F1-43F9-9CEB-E3223342B33F}.Debug|Any CPU.Build.0 = Debug|Any CPU
		{16CD028B-85F1-43F9-9CEB-E3223342B33F}.Release|Any CPU.ActiveCfg = Release|Any CPU
		{16CD028B-85F1-43F9-9CEB-E3223342B33F}.Release|Any CPU.Build.0 = Release|Any CPU
		{16CD028B-85F1-43F9-9CEB-E3223342B33F}.Debug|iPhoneSimulator.ActiveCfg = Debug|Any CPU
		{16CD028B-85F1-43F9-9CEB-E3223342B33F}.Debug|iPhoneSimulator.Build.0 = Debug|Any CPU
		{16CD028B-85F1-43F9-9CEB-E3223342B33F}.Release|iPhoneSimulator.ActiveCfg = Release|Any CPU
		{16CD028B-85F1-43F9-9CEB-E3223342B33F}.Release|iPhoneSimulator.Build.0 = Release|Any CPU
		{16CD028B-85F1-43F9-9CEB-E3223342B33F}.Debug|iPhone.ActiveCfg = Debug|Any CPU
		{16CD028B-85F1-43F9-9CEB-E3223342B33F}.Debug|iPhone.Build.0 = Debug|Any CPU
		{16CD028B-85F1-43F9-9CEB-E3223342B33F}.Release|iPhone.ActiveCfg = Release|Any CPU
		{16CD028B-85F1-43F9-9CEB-E3223342B33F}.Release|iPhone.Build.0 = Release|Any CPU
	EndGlobalSection
EndGlobal
